
Microsoft Visual Studio Solution File, Format Version 12.00
# Visual Studio Version 16
VisualStudioVersion = 16.0.30413.136
MinimumVisualStudioVersion = 10.0.40219.1
Project("{FAE04EC0-301F-11D3-BF4B-00C04F79EFBC}") = "s3testapp", "s3testapp\s3testapp.csproj", "{93E1BCA7-BD6A-4ADF-891C-35D0AF3A334F}"
EndProject
Global
	GlobalSection(SolutionConfigurationPlatforms) = preSolution
		Debug|Any CPU = Debug|Any CPU
		Release|Any CPU = Release|Any CPU
	EndGlobalSection
	GlobalSection(ProjectConfigurationPlatforms) = postSolution
		{93E1BCA7-BD6A-4ADF-891C-35D0AF3A334F}.Debug|Any CPU.ActiveCfg = Debug|Any CPU
		{93E1BCA7-BD6A-4ADF-891C-35D0AF3A334F}.Debug|Any CPU.Build.0 = Debug|Any CPU
		{93E1BCA7-BD6A-4ADF-891C-35D0AF3A334F}.Release|Any CPU.ActiveCfg = Release|Any CPU
		{93E1BCA7-BD6A-4ADF-891C-35D0AF3A334F}.Release|Any CPU.Build.0 = Release|Any CPU
	EndGlobalSection
	GlobalSection(SolutionProperties) = preSolution
		HideSolutionNode = FALSE
	EndGlobalSection
	GlobalSection(ExtensibilityGlobals) = postSolution
		SolutionGuid = {52CD27FE-29C5-47FB-8CEA-1C9966AE56D7}
	EndGlobalSection
EndGlobal
